// !$*UTF8*$!
{
	archiveVersion = 1;
	classes = {
	};
	objectVersion = 77;
	objects = {

/* Begin PBXBuildFile section */
		03A5B63B2CD0EF51000D655E /* SDWebImageSwiftUI in Frameworks */ = {isa = PBXBuildFile; productRef = 03A5B63A2CD0EF51000D655E /* SDWebImageSwiftUI */; };
/* End PBXBuildFile section */

/* Begin PBXContainerItemProxy section */
		0385B66D2CC5010A0060CF1A /* PBXContainerItemProxy */ = {
			isa = PBXContainerItemProxy;
			containerPortal = 0385B6542CC501080060CF1A /* Project object */;
			proxyType = 1;
			remoteGlobalIDString = 0385B65B2CC501080060CF1A;
			remoteInfo = "Books Explorer";
		};
		0385B6772CC5010A0060CF1A /* PBXContainerItemProxy */ = {
			isa = PBXContainerItemProxy;
			containerPortal = 0385B6542CC501080060CF1A /* Project object */;
			proxyType = 1;
			remoteGlobalIDString = 0385B65B2CC501080060CF1A;
			remoteInfo = "Books Explorer";
		};
/* End PBXContainerItemProxy section */

/* Begin PBXFileReference section */
		0385B65C2CC501080060CF1A /* Books Explorer.app */ = {isa = PBXFileReference; explicitFileType = wrapper.application; includeInIndex = 0; path = "Books Explorer.app"; sourceTree = BUILT_PRODUCTS_DIR; };
		0385B66C2CC5010A0060CF1A /* Books ExplorerTests.xctest */ = {isa = PBXFileReference; explicitFileType = wrapper.cfbundle; includeInIndex = 0; path = "Books ExplorerTests.xctest"; sourceTree = BUILT_PRODUCTS_DIR; };
		0385B6762CC5010A0060CF1A /* Books ExplorerUITests.xctest */ = {isa = PBXFileReference; explicitFileType = wrapper.cfbundle; includeInIndex = 0; path = "Books ExplorerUITests.xctest"; sourceTree = BUILT_PRODUCTS_DIR; };
/* End PBXFileReference section */

/* Begin PBXFileSystemSynchronizedRootGroup section */
		0385B65E2CC501080060CF1A /* Books Explorer */ = {
			isa = PBXFileSystemSynchronizedRootGroup;
			path = "Books Explorer";
			sourceTree = "<group>";
		};
		0385B66F2CC5010A0060CF1A /* Books ExplorerTests */ = {
			isa = PBXFileSystemSynchronizedRootGroup;
			path = "Books ExplorerTests";
			sourceTree = "<group>";
		};
		0385B6792CC5010A0060CF1A /* Books ExplorerUITests */ = {
			isa = PBXFileSystemSynchronizedRootGroup;
			path = "Books ExplorerUITests";
			sourceTree = "<group>";
		};
/* End PBXFileSystemSynchronizedRootGroup section */

/* Begin PBXFrameworksBuildPhase section */
		0385B6592CC501080060CF1A /* Frameworks */ = {
			isa = PBXFrameworksBuildPhase;
			buildActionMask = 2147483647;
			files = (
				03A5B63B2CD0EF51000D655E /* SDWebImageSwiftUI in Frameworks */,
			);
			runOnlyForDeploymentPostprocessing = 0;
		};
		0385B6692CC5010A0060CF1A /* Frameworks */ = {
			isa = PBXFrameworksBuildPhase;
			buildActionMask = 2147483647;
			files = (
			);
			runOnlyForDeploymentPostprocessing = 0;
		};
		0385B6732CC5010A0060CF1A /* Frameworks */ = {
			isa = PBXFrameworksBuildPhase;
			buildActionMask = 2147483647;
			files = (
			);
			runOnlyForDeploymentPostprocessing = 0;
		};
/* End PBXFrameworksBuildPhase section */

/* Begin PBXGroup section */
		0385B6532CC501080060CF1A = {
			isa = PBXGroup;
			children = (
				0385B65E2CC501080060CF1A /* Books Explorer */,
				0385B66F2CC5010A0060CF1A /* Books ExplorerTests */,
				0385B6792CC5010A0060CF1A /* Books ExplorerUITests */,
				0385B65D2CC501080060CF1A /* Products */,
			);
			sourceTree = "<group>";
		};
		0385B65D2CC501080060CF1A /* Products */ = {
			isa = PBXGroup;
			children = (
				0385B65C2CC501080060CF1A /* Books Explorer.app */,
				0385B66C2CC5010A0060CF1A /* Books ExplorerTests.xctest */,
				0385B6762CC5010A0060CF1A /* Books ExplorerUITests.xctest */,
			);
			name = Products;
			sourceTree = "<group>";
		};
/* End PBXGroup section */

/* Begin PBXNativeTarget section */
		0385B65B2CC501080060CF1A /* Books Explorer */ = {
			isa = PBXNativeTarget;
			buildConfigurationList = 0385B6802CC5010A0060CF1A /* Build configuration list for PBXNativeTarget "Books Explorer" */;
			buildPhases = (
				0385B6582CC501080060CF1A /* Sources */,
				0385B6592CC501080060CF1A /* Frameworks */,
				0385B65A2CC501080060CF1A /* Resources */,
			);
			buildRules = (
			);
			dependencies = (
			);
			fileSystemSynchronizedGroups = (
				0385B65E2CC501080060CF1A /* Books Explorer */,
			);
			name = "Books Explorer";
			packageProductDependencies = (
				03A5B63A2CD0EF51000D655E /* SDWebImageSwiftUI */,
			);
			productName = "Books Explorer";
			productReference = 0385B65C2CC501080060CF1A /* Books Explorer.app */;
			productType = "com.apple.product-type.application";
		};
		0385B66B2CC5010A0060CF1A /* Books ExplorerTests */ = {
			isa = PBXNativeTarget;
			buildConfigurationList = 0385B6832CC5010A0060CF1A /* Build configuration list for PBXNativeTarget "Books ExplorerTests" */;
			buildPhases = (
				0385B6682CC5010A0060CF1A /* Sources */,
				0385B6692CC5010A0060CF1A /* Frameworks */,
				0385B66A2CC5010A0060CF1A /* Resources */,
			);
			buildRules = (
			);
			dependencies = (
				0385B66E2CC5010A0060CF1A /* PBXTargetDependency */,
			);
			fileSystemSynchronizedGroups = (
				0385B66F2CC5010A0060CF1A /* Books ExplorerTests */,
			);
			name = "Books ExplorerTests";
			packageProductDependencies = (
			);
			productName = "Books ExplorerTests";
			productReference = 0385B66C2CC5010A0060CF1A /* Books ExplorerTests.xctest */;
			productType = "com.apple.product-type.bundle.unit-test";
		};
		0385B6752CC5010A0060CF1A /* Books ExplorerUITests */ = {
			isa = PBXNativeTarget;
			buildConfigurationList = 0385B6862CC5010A0060CF1A /* Build configuration list for PBXNativeTarget "Books ExplorerUITests" */;
			buildPhases = (
				0385B6722CC5010A0060CF1A /* Sources */,
				0385B6732CC5010A0060CF1A /* Frameworks */,
				0385B6742CC5010A0060CF1A /* Resources */,
			);
			buildRules = (
			);
			dependencies = (
				0385B6782CC5010A0060CF1A /* PBXTargetDependency */,
			);
			fileSystemSynchronizedGroups = (
				0385B6792CC5010A0060CF1A /* Books ExplorerUITests */,
			);
			name = "Books ExplorerUITests";
			packageProductDependencies = (
			);
			productName = "Books ExplorerUITests";
			productReference = 0385B6762CC5010A0060CF1A /* Books ExplorerUITests.xctest */;
			productType = "com.apple.product-type.bundle.ui-testing";
		};
/* End PBXNativeTarget section */

/* Begin PBXProject section */
		0385B6542CC501080060CF1A /* Project object */ = {
			isa = PBXProject;
			attributes = {
				BuildIndependentTargetsInParallel = 1;
				LastSwiftUpdateCheck = 1600;
				LastUpgradeCheck = 1600;
				TargetAttributes = {
					0385B65B2CC501080060CF1A = {
						CreatedOnToolsVersion = 16.0;
					};
					0385B66B2CC5010A0060CF1A = {
						CreatedOnToolsVersion = 16.0;
						TestTargetID = 0385B65B2CC501080060CF1A;
					};
					0385B6752CC5010A0060CF1A = {
						CreatedOnToolsVersion = 16.0;
						TestTargetID = 0385B65B2CC501080060CF1A;
					};
				};
			};
			buildConfigurationList = 0385B6572CC501080060CF1A /* Build configuration list for PBXProject "Books Explorer" */;
			developmentRegion = en;
			hasScannedForEncodings = 0;
			knownRegions = (
				en,
				Base,
			);
			mainGroup = 0385B6532CC501080060CF1A;
			minimizedProjectReferenceProxies = 1;
			packageReferences = (
				03A5B6392CD0EF51000D655E /* XCRemoteSwiftPackageReference "SDWebImageSwiftUI" */,
			);
			preferredProjectObjectVersion = 77;
			productRefGroup = 0385B65D2CC501080060CF1A /* Products */;
			projectDirPath = "";
			projectRoot = "";
			targets = (
				0385B65B2CC501080060CF1A /* Books Explorer */,
				0385B66B2CC5010A0060CF1A /* Books ExplorerTests */,
				0385B6752CC5010A0060CF1A /* Books ExplorerUITests */,
			);
		};
/* End PBXProject section */

/* Begin PBXResourcesBuildPhase section */
		0385B65A2CC501080060CF1A /* Resources */ = {
			isa = PBXResourcesBuildPhase;
			buildActionMask = 2147483647;
			files = (
			);
			runOnlyForDeploymentPostprocessing = 0;
		};
		0385B66A2CC5010A0060CF1A /* Resources */ = {
			isa = PBXResourcesBuildPhase;
			buildActionMask = 2147483647;
			files = (
			);
			runOnlyForDeploymentPostprocessing = 0;
		};
		0385B6742CC5010A0060CF1A /* Resources */ = {
			isa = PBXResourcesBuildPhase;
			buildActionMask = 2147483647;
			files = (
			);
			runOnlyForDeploymentPostprocessing = 0;
		};
/* End PBXResourcesBuildPhase section */

/* Begin PBXSourcesBuildPhase section */
		0385B6582CC501080060CF1A /* Sources */ = {
			isa = PBXSourcesBuildPhase;
			buildActionMask = 2147483647;
			files = (
			);
			runOnlyForDeploymentPostprocessing = 0;
		};
		0385B6682CC5010A0060CF1A /* Sources */ = {
			isa = PBXSourcesBuildPhase;
			buildActionMask = 2147483647;
			files = (
			);
			runOnlyForDeploymentPostprocessing = 0;
		};
		0385B6722CC5010A0060CF1A /* Sources */ = {
			isa = PBXSourcesBuildPhase;
			buildActionMask = 2147483647;
			files = (
			);
			runOnlyForDeploymentPostprocessing = 0;
		};
/* End PBXSourcesBuildPhase section */

/* Begin PBXTargetDependency section */
		0385B66E2CC5010A0060CF1A /* PBXTargetDependency */ = {
			isa = PBXTargetDependency;
			target = 0385B65B2CC501080060CF1A /* Books Explorer */;
			targetProxy = 0385B66D2CC5010A0060CF1A /* PBXContainerItemProxy */;
		};
		0385B6782CC5010A0060CF1A /* PBXTargetDependency */ = {
			isa = PBXTargetDependency;
			target = 0385B65B2CC501080060CF1A /* Books Explorer */;
			targetProxy = 0385B6772CC5010A0060CF1A /* PBXContainerItemProxy */;
		};
/* End PBXTargetDependency section */

/* Begin XCBuildConfiguration section */
		0385B67E2CC5010A0060CF1A /* Debug */ = {
			isa = XCBuildConfiguration;
			buildSettings = {
				ALWAYS_SEARCH_USER_PATHS = NO;
				ASSETCATALOG_COMPILER_GENERATE_SWIFT_ASSET_SYMBOL_EXTENSIONS = YES;
				CLANG_ANALYZER_NONNULL = YES;
				CLANG_ANALYZER_NUMBER_OBJECT_CONVERSION = YES_AGGRESSIVE;
				CLANG_CXX_LANGUAGE_STANDARD = "gnu++20";
				CLANG_ENABLE_MODULES = YES;
				CLANG_ENABLE_OBJC_ARC = YES;
				CLANG_ENABLE_OBJC_WEAK = YES;
				CLANG_WARN_BLOCK_CAPTURE_AUTORELEASING = YES;
				CLANG_WARN_BOOL_CONVERSION = YES;
				CLANG_WARN_COMMA = YES;
				CLANG_WARN_CONSTANT_CONVERSION = YES;
				CLANG_WARN_DEPRECATED_OBJC_IMPLEMENTATIONS = YES;
				CLANG_WARN_DIRECT_OBJC_ISA_USAGE = YES_ERROR;
				CLANG_WARN_DOCUMENTATION_COMMENTS = YES;
				CLANG_WARN_EMPTY_BODY = YES;
				CLANG_WARN_ENUM_CONVERSION = YES;
				CLANG_WARN_INFINITE_RECURSION = YES;
				CLANG_WARN_INT_CONVERSION = YES;
				CLANG_WARN_NON_LITERAL_NULL_CONVERSION = YES;
				CLANG_WARN_OBJC_IMPLICIT_RETAIN_SELF = YES;
				CLANG_WARN_OBJC_LITERAL_CONVERSION = YES;
				CLANG_WARN_OBJC_ROOT_CLASS = YES_ERROR;
				CLANG_WARN_QUOTED_INCLUDE_IN_FRAMEWORK_HEADER = YES;
				CLANG_WARN_RANGE_LOOP_ANALYSIS = YES;
				CLANG_WARN_STRICT_PROTOTYPES = YES;
				CLANG_WARN_SUSPICIOUS_MOVE = YES;
				CLANG_WARN_UNGUARDED_AVAILABILITY = YES_AGGRESSIVE;
				CLANG_WARN_UNREACHABLE_CODE = YES;
				CLANG_WARN__DUPLICATE_METHOD_MATCH = YES;
				COPY_PHASE_STRIP = NO;
				DEBUG_INFORMATION_FORMAT = dwarf;
				ENABLE_STRICT_OBJC_MSGSEND = YES;
				ENABLE_TESTABILITY = YES;
				ENABLE_USER_SCRIPT_SANDBOXING = YES;
				GCC_C_LANGUAGE_STANDARD = gnu17;
				GCC_DYNAMIC_NO_PIC = NO;
				GCC_NO_COMMON_BLOCKS = YES;
				GCC_OPTIMIZATION_LEVEL = 0;
				GCC_PREPROCESSOR_DEFINITIONS = (
					"DEBUG=1",
					"$(inherited)",
				);
				GCC_WARN_64_TO_32_BIT_CONVERSION = YES;
				GCC_WARN_ABOUT_RETURN_TYPE = YES_ERROR;
				GCC_WARN_UNDECLARED_SELECTOR = YES;
				GCC_WARN_UNINITIALIZED_AUTOS = YES_AGGRESSIVE;
				GCC_WARN_UNUSED_FUNCTION = YES;
				GCC_WARN_UNUSED_VARIABLE = YES;
				IPHONEOS_DEPLOYMENT_TARGET = 18.0;
				LOCALIZATION_PREFERS_STRING_CATALOGS = YES;
				MTL_ENABLE_DEBUG_INFO = INCLUDE_SOURCE;
				MTL_FAST_MATH = YES;
				ONLY_ACTIVE_ARCH = YES;
				SDKROOT = iphoneos;
				SWIFT_ACTIVE_COMPILATION_CONDITIONS = "DEBUG $(inherited)";
				SWIFT_OPTIMIZATION_LEVEL = "-Onone";
			};
			name = Debug;
		};
		0385B67F2CC5010A0060CF1A /* Release */ = {
			isa = XCBuildConfiguration;
			buildSettings = {
				ALWAYS_SEARCH_USER_PATHS = NO;
				ASSETCATALOG_COMPILER_GENERATE_SWIFT_ASSET_SYMBOL_EXTENSIONS = YES;
				CLANG_ANALYZER_NONNULL = YES;
				CLANG_ANALYZER_NUMBER_OBJECT_CONVERSION = YES_AGGRESSIVE;
				CLANG_CXX_LANGUAGE_STANDARD = "gnu++20";
				CLANG_ENABLE_MODULES = YES;
				CLANG_ENABLE_OBJC_ARC = YES;
				CLANG_ENABLE_OBJC_WEAK = YES;
				CLANG_WARN_BLOCK_CAPTURE_AUTORELEASING = YES;
				CLANG_WARN_BOOL_CONVERSION = YES;
				CLANG_WARN_COMMA = YES;
				CLANG_WARN_CONSTANT_CONVERSION = YES;
				CLANG_WARN_DEPRECATED_OBJC_IMPLEMENTATIONS = YES;
				CLANG_WARN_DIRECT_OBJC_ISA_USAGE = YES_ERROR;
				CLANG_WARN_DOCUMENTATION_COMMENTS = YES;
				CLANG_WARN_EMPTY_BODY = YES;
				CLANG_WARN_ENUM_CONVERSION = YES;
				CLANG_WARN_INFINITE_RECURSION = YES;
				CLANG_WARN_INT_CONVERSION = YES;
				CLANG_WARN_NON_LITERAL_NULL_CONVERSION = YES;
				CLANG_WARN_OBJC_IMPLICIT_RETAIN_SELF = YES;
				CLANG_WARN_OBJC_LITERAL_CONVERSION = YES;
				CLANG_WARN_OBJC_ROOT_CLASS = YES_ERROR;
				CLANG_WARN_QUOTED_INCLUDE_IN_FRAMEWORK_HEADER = YES;
				CLANG_WARN_RANGE_LOOP_ANALYSIS = YES;
				CLANG_WARN_STRICT_PROTOTYPES = YES;
				CLANG_WARN_SUSPICIOUS_MOVE = YES;
				CLANG_WARN_UNGUARDED_AVAILABILITY = YES_AGGRESSIVE;
				CLANG_WARN_UNREACHABLE_CODE = YES;
				CLANG_WARN__DUPLICATE_METHOD_MATCH = YES;
				COPY_PHASE_STRIP = NO;
				DEBUG_INFORMATION_FORMAT = "dwarf-with-dsym";
				ENABLE_NS_ASSERTIONS = NO;
				ENABLE_STRICT_OBJC_MSGSEND = YES;
				ENABLE_USER_SCRIPT_SANDBOXING = YES;
				GCC_C_LANGUAGE_STANDARD = gnu17;
				GCC_NO_COMMON_BLOCKS = YES;
				GCC_WARN_64_TO_32_BIT_CONVERSION = YES;
				GCC_WARN_ABOUT_RETURN_TYPE = YES_ERROR;
				GCC_WARN_UNDECLARED_SELECTOR = YES;
				GCC_WARN_UNINITIALIZED_AUTOS = YES_AGGRESSIVE;
				GCC_WARN_UNUSED_FUNCTION = YES;
				GCC_WARN_UNUSED_VARIABLE = YES;
				IPHONEOS_DEPLOYMENT_TARGET = 18.0;
				LOCALIZATION_PREFERS_STRING_CATALOGS = YES;
				MTL_ENABLE_DEBUG_INFO = NO;
				MTL_FAST_MATH = YES;
				SDKROOT = iphoneos;
				SWIFT_COMPILATION_MODE = wholemodule;
				VALIDATE_PRODUCT = YES;
			};
			name = Release;
		};
		0385B6812CC5010A0060CF1A /* Debug */ = {
			isa = XCBuildConfiguration;
			buildSettings = {
				ASSETCATALOG_COMPILER_APPICON_NAME = AppIcon;
				ASSETCATALOG_COMPILER_GLOBAL_ACCENT_COLOR_NAME = AccentColor;
				CODE_SIGN_STYLE = Automatic;
				CURRENT_PROJECT_VERSION = 1;
				DEVELOPMENT_ASSET_PATHS = "\"Books Explorer/Preview Content\"";
				DEVELOPMENT_TEAM = S24M92Q6LT;
				ENABLE_PREVIEWS = YES;
				GENERATE_INFOPLIST_FILE = YES;
				INFOPLIST_KEY_UIApplicationSceneManifest_Generation = YES;
				INFOPLIST_KEY_UIApplicationSupportsIndirectInputEvents = YES;
				INFOPLIST_KEY_UILaunchScreen_Generation = YES;
				INFOPLIST_KEY_UISupportedInterfaceOrientations_iPad = "UIInterfaceOrientationPortrait UIInterfaceOrientationPortraitUpsideDown UIInterfaceOrientationLandscapeLeft UIInterfaceOrientationLandscapeRight";
				INFOPLIST_KEY_UISupportedInterfaceOrientations_iPhone = "UIInterfaceOrientationPortrait UIInterfaceOrientationLandscapeLeft UIInterfaceOrientationLandscapeRight";
				LD_RUNPATH_SEARCH_PATHS = (
					"$(inherited)",
					"@executable_path/Frameworks",
				);
				MARKETING_VERSION = 1.0;
				PRODUCT_BUNDLE_IDENTIFIER = "com.hamidptb.Books-Explorer";
				PRODUCT_NAME = "$(TARGET_NAME)";
				SWIFT_EMIT_LOC_STRINGS = YES;
				SWIFT_VERSION = 5.0;
				TARGETED_DEVICE_FAMILY = "1,2";
			};
			name = Debug;
		};
		0385B6822CC5010A0060CF1A /* Release */ = {
			isa = XCBuildConfiguration;
			buildSettings = {
				ASSETCATALOG_COMPILER_APPICON_NAME = AppIcon;
				ASSETCATALOG_COMPILER_GLOBAL_ACCENT_COLOR_NAME = AccentColor;
				CODE_SIGN_STYLE = Automatic;
				CURRENT_PROJECT_VERSION = 1;
				DEVELOPMENT_ASSET_PATHS = "\"Books Explorer/Preview Content\"";
				DEVELOPMENT_TEAM = S24M92Q6LT;
				ENABLE_PREVIEWS = YES;
				GENERATE_INFOPLIST_FILE = YES;
				INFOPLIST_KEY_UIApplicationSceneManifest_Generation = YES;
				INFOPLIST_KEY_UIApplicationSupportsIndirectInputEvents = YES;
				INFOPLIST_KEY_UILaunchScreen_Generation = YES;
				INFOPLIST_KEY_UISupportedInterfaceOrientations_iPad = "UIInterfaceOrientationPortrait UIInterfaceOrientationPortraitUpsideDown UIInterfaceOrientationLandscapeLeft UIInterfaceOrientationLandscapeRight";
				INFOPLIST_KEY_UISupportedInterfaceOrientations_iPhone = "UIInterfaceOrientationPortrait UIInterfaceOrientationLandscapeLeft UIInterfaceOrientationLandscapeRight";
				LD_RUNPATH_SEARCH_PATHS = (
					"$(inherited)",
					"@executable_path/Frameworks",
				);
				MARKETING_VERSION = 1.0;
				PRODUCT_BUNDLE_IDENTIFIER = "com.hamidptb.Books-Explorer";
				PRODUCT_NAME = "$(TARGET_NAME)";
				SWIFT_EMIT_LOC_STRINGS = YES;
				SWIFT_VERSION = 5.0;
				TARGETED_DEVICE_FAMILY = "1,2";
			};
			name = Release;
		};
		0385B6842CC5010A0060CF1A /* Debug */ = {
			isa = XCBuildConfiguration;
			buildSettings = {
				BUNDLE_LOADER = "$(TEST_HOST)";
				CODE_SIGN_STYLE = Automatic;
				CURRENT_PROJECT_VERSION = 1;
				DEVELOPMENT_TEAM = S24M92Q6LT;
				GENERATE_INFOPLIST_FILE = YES;
				IPHONEOS_DEPLOYMENT_TARGET = 18.0;
				MARKETING_VERSION = 1.0;
				PRODUCT_BUNDLE_IDENTIFIER = "com.hamidptb.Books-ExplorerTests";
				PRODUCT_NAME = "$(TARGET_NAME)";
				SWIFT_EMIT_LOC_STRINGS = NO;
				SWIFT_VERSION = 5.0;
				TARGETED_DEVICE_FAMILY = "1,2";
				TEST_HOST = "$(BUILT_PRODUCTS_DIR)/Books Explorer.app/$(BUNDLE_EXECUTABLE_FOLDER_PATH)/Books Explorer";
			};
			name = Debug;
		};
		0385B6852CC5010A0060CF1A /* Release */ = {
			isa = XCBuildConfiguration;
			buildSettings = {
				BUNDLE_LOADER = "$(TEST_HOST)";
				CODE_SIGN_STYLE = Automatic;
				CURRENT_PROJECT_VERSION = 1;
				DEVELOPMENT_TEAM = S24M92Q6LT;
				GENERATE_INFOPLIST_FILE = YES;
				IPHONEOS_DEPLOYMENT_TARGET = 18.0;
				MARKETING_VERSION = 1.0;
				PRODUCT_BUNDLE_IDENTIFIER = "com.hamidptb.Books-ExplorerTests";
				PRODUCT_NAME = "$(TARGET_NAME)";
				SWIFT_EMIT_LOC_STRINGS = NO;
				SWIFT_VERSION = 5.0;
				TARGETED_DEVICE_FAMILY = "1,2";
				TEST_HOST = "$(BUILT_PRODUCTS_DIR)/Books Explorer.app/$(BUNDLE_EXECUTABLE_FOLDER_PATH)/Books Explorer";
			};
			name = Release;
		};
		0385B6872CC5010A0060CF1A /* Debug */ = {
			isa = XCBuildConfiguration;
			buildSettings = {
				CODE_SIGN_STYLE = Automatic;
				CURRENT_PROJECT_VERSION = 1;
				DEVELOPMENT_TEAM = S24M92Q6LT;
				GENERATE_INFOPLIST_FILE = YES;
				MARKETING_VERSION = 1.0;
				PRODUCT_BUNDLE_IDENTIFIER = "com.hamidptb.Books-ExplorerUITests";
				PRODUCT_NAME = "$(TARGET_NAME)";
				SWIFT_EMIT_LOC_STRINGS = NO;
				SWIFT_VERSION = 5.0;
				TARGETED_DEVICE_FAMILY = "1,2";
				TEST_TARGET_NAME = "Books Explorer";
			};
			name = Debug;
		};
		0385B6882CC5010A0060CF1A /* Release */ = {
			isa = XCBuildConfiguration;
			buildSettings = {
				CODE_SIGN_STYLE = Automatic;
				CURRENT_PROJECT_VERSION = 1;
				DEVELOPMENT_TEAM = S24M92Q6LT;
				GENERATE_INFOPLIST_FILE = YES;
				MARKETING_VERSION = 1.0;
				PRODUCT_BUNDLE_IDENTIFIER = "com.hamidptb.Books-ExplorerUITests";
				PRODUCT_NAME = "$(TARGET_NAME)";
				SWIFT_EMIT_LOC_STRINGS = NO;
				SWIFT_VERSION = 5.0;
				TARGETED_DEVICE_FAMILY = "1,2";
				TEST_TARGET_NAME = "Books Explorer";
			};
			name = Release;
		};
/* End XCBuildConfiguration section */

/* Begin XCConfigurationList section */
		0385B6572CC501080060CF1A /* Build configuration list for PBXProject "Books Explorer" */ = {
			isa = XCConfigurationList;
			buildConfigurations = (
				0385B67E2CC5010A0060CF1A /* Debug */,
				0385B67F2CC5010A0060CF1A /* Release */,
			);
			defaultConfigurationIsVisible = 0;
			defaultConfigurationName = Release;
		};
		0385B6802CC5010A0060CF1A /* Build configuration list for PBXNativeTarget "Books Explorer" */ = {
			isa = XCConfigurationList;
			buildConfigurations = (
				0385B6812CC5010A0060CF1A /* Debug */,
				0385B6822CC5010A0060CF1A /* Release */,
			);
			defaultConfigurationIsVisible = 0;
			defaultConfigurationName = Release;
		};
		0385B6832CC5010A0060CF1A /* Build configuration list for PBXNativeTarget "Books ExplorerTests" */ = {
			isa = XCConfigurationList;
			buildConfigurations = (
				0385B6842CC5010A0060CF1A /* Debug */,
				0385B6852CC5010A0060CF1A /* Release */,
			);
			defaultConfigurationIsVisible = 0;
			defaultConfigurationName = Release;
		};
		0385B6862CC5010A0060CF1A /* Build configuration list for PBXNativeTarget "Books ExplorerUITests" */ = {
			isa = XCConfigurationList;
			buildConfigurations = (
				0385B6872CC5010A0060CF1A /* Debug */,
				0385B6882CC5010A0060CF1A /* Release */,
			);
			defaultConfigurationIsVisible = 0;
			defaultConfigurationName = Release;
		};
/* End XCConfigurationList section */

/* Begin XCRemoteSwiftPackageReference section */
		03A5B6392CD0EF51000D655E /* XCRemoteSwiftPackageReference "SDWebImageSwiftUI" */ = {
			isa = XCRemoteSwiftPackageReference;
			repositoryURL = "https://github.com/SDWebImage/SDWebImageSwiftUI";
			requirement = {
				kind = upToNextMajorVersion;
				minimumVersion = 3.1.2;
			};
		};
/* End XCRemoteSwiftPackageReference section */

/* Begin XCSwiftPackageProductDependency section */
		03A5B63A2CD0EF51000D655E /* SDWebImageSwiftUI */ = {
			isa = XCSwiftPackageProductDependency;
			package = 03A5B6392CD0EF51000D655E /* XCRemoteSwiftPackageReference "SDWebImageSwiftUI" */;
			productName = SDWebImageSwiftUI;
		};
/* End XCSwiftPackageProductDependency section */
	};
	rootObject = 0385B6542CC501080060CF1A /* Project object */;
}
